{
  "name": "hase-welleness",
  "version": "1.0.0",
  "lockfileVersion": 1,
  "requires": true,
  "dependencies": {
    "lottie-miniprogram": {
      "version": "1.0.8",
      "resolved": "https://registry.npmjs.org/lottie-miniprogram/-/lottie-miniprogram-1.0.8.tgz",
      "integrity": "sha512-2HtqGwofmMm6VJPDH2QjUt4vMh4AV2Pm7rUtY4duUu4Ud9on8JdJJR3ZlDuw6luLkLePt5cmBrsIy9Ek7xGujQ=="
    },
    "vant-weapp": {
      "version": "0.5.28",
      "resolved": "https://registry.npmjs.org/vant-weapp/-/vant-weapp-0.5.28.tgz",
      "integrity": "sha512-GAJ2PTLuhXHWpAD5B7DdRQdkEFMdjdduuMzKkThUjIiQ63ESnaJvIEUbW3RgiUNNV7PYXwhOFOd6woR/JsTFLA=="
    }
  }
}
